_id: puWDSgyEiCY5qwVp
flags:
  core: {}
img: icons/svg/item-bag.svg
name: Pick Lock
system:
  basic: false
  category: techniqueSkills
  core: true
  description:
    chat: ""
    unidentified: ""
    value: ""
  difficulty: typical
  favorite: false
  level: 0
  source: ""
  stat: tech
type: skill
